{
  "name": "@yo1dog/multi-error",
  "version": "1.0.0",
  "lockfileVersion": 1,
  "requires": true,
  "dependencies": {
    "@yo1dog/extendable-error": {
      "version": "1.0.0",
      "resolved": "https://registry.npmjs.org/@yo1dog/extendable-error/-/extendable-error-1.0.0.tgz",
      "integrity": "sha512-RcD0Ek46M4J0RD0lHk/ya8xUVuCrb1KOlF8lXDJaVMMAwyUHVQupSVOH/VKGEpAfNBCU6gYobEPYgFB+agpOjQ=="
    }
  }
}
